
Microsoft Visual Studio Solution File, Format Version 12.00
# Visual Studio 14
VisualStudioVersion = 14.0.24720.0
MinimumVisualStudioVersion = 10.0.40219.1
Project("{FAE04EC0-301F-11D3-BF4B-00C04F79EFBC}") = "CardDesign", "CardDesign\CardDesign.csproj", "{0B59BB5B-13D6-4000-B331-657A3B3FA3D6}"
EndProject
Project("{FAE04EC0-301F-11D3-BF4B-00C04F79EFBC}") = "WpfKb", "..\wpfkb\WpfKb\WpfKb.csproj", "{0784CDC9-0F52-4B8B-9488-6589C11E94E2}"
EndProject
Project("{FAE04EC0-301F-11D3-BF4B-00C04F79EFBC}") = "WpfKb.TestClient", "..\wpfkb\WpfKb.TestClient\WpfKb.TestClient.csproj", "{4845E283-0F5B-4A4A-B355-942F623DDA59}"
EndProject
Project("{FAE04EC0-301F-11D3-BF4B-00C04F79EFBC}") = "JsonCreator", "JsonCreator\JsonCreator.csproj", "{36441AB7-DEC0-4484-BBAD-A4D3DED2A162}"
EndProject
Project("{FAE04EC0-301F-11D3-BF4B-00C04F79EFBC}") = "TFIDF_Generator", "TFIDF_Generator\TFIDF_Generator.csproj", "{B22415BE-BB78-4601-9223-B8CA4F92299D}"
EndProject
Project("{FAE04EC0-301F-11D3-BF4B-00C04F79EFBC}") = "WordCloud", "WordCloud\WordCloud.csproj", "{1CFADB13-A713-468D-B0CF-A3EC08E45480}"
EndProject
Project("{FAE04EC0-301F-11D3-BF4B-00C04F79EFBC}") = "WordCloud.TestClient", "WordCloudTest\WordCloud.TestClient.csproj", "{5BE935C2-2004-4E55-8959-6C3AB2538C8E}"
EndProject
Global
	GlobalSection(SolutionConfigurationPlatforms) = preSolution
		Debug|Any CPU = Debug|Any CPU
		Debug|ARM = Debug|ARM
		Debug|x64 = Debug|x64
		Debug|x86 = Debug|x86
		Release|Any CPU = Release|Any CPU
		Release|ARM = Release|ARM
		Release|x64 = Release|x64
		Release|x86 = Release|x86
	EndGlobalSection
	GlobalSection(ProjectConfigurationPlatforms) = postSolution
		{0B59BB5B-13D6-4000-B331-657A3B3FA3D6}.Debug|Any CPU.ActiveCfg = Debug|Any CPU
		{0B59BB5B-13D6-4000-B331-657A3B3FA3D6}.Debug|Any CPU.Build.0 = Debug|Any CPU
		{0B59BB5B-13D6-4000-B331-657A3B3FA3D6}.Debug|Any CPU.Deploy.0 = Debug|Any CPU
		{0B59BB5B-13D6-4000-B331-657A3B3FA3D6}.Debug|ARM.ActiveCfg = Debug|Any CPU
		{0B59BB5B-13D6-4000-B331-657A3B3FA3D6}.Debug|ARM.Build.0 = Debug|Any CPU
		{0B59BB5B-13D6-4000-B331-657A3B3FA3D6}.Debug|x64.ActiveCfg = Debug|Any CPU
		{0B59BB5B-13D6-4000-B331-657A3B3FA3D6}.Debug|x64.Build.0 = Debug|Any CPU
		{0B59BB5B-13D6-4000-B331-657A3B3FA3D6}.Debug|x86.ActiveCfg = Debug|Any CPU
		{0B59BB5B-13D6-4000-B331-657A3B3FA3D6}.Debug|x86.Build.0 = Debug|Any CPU
		{0B59BB5B-13D6-4000-B331-657A3B3FA3D6}.Release|Any CPU.ActiveCfg = Release|Any CPU
		{0B59BB5B-13D6-4000-B331-657A3B3FA3D6}.Release|Any CPU.Build.0 = Release|Any CPU
		{0B59BB5B-13D6-4000-B331-657A3B3FA3D6}.Release|ARM.ActiveCfg = Release|Any CPU
		{0B59BB5B-13D6-4000-B331-657A3B3FA3D6}.Release|ARM.Build.0 = Release|Any CPU
		{0B59BB5B-13D6-4000-B331-657A3B3FA3D6}.Release|x64.ActiveCfg = Release|Any CPU
		{0B59BB5B-13D6-4000-B331-657A3B3FA3D6}.Release|x64.Build.0 = Release|Any CPU
		{0B59BB5B-13D6-4000-B331-657A3B3FA3D6}.Release|x86.ActiveCfg = Release|Any CPU
		{0B59BB5B-13D6-4000-B331-657A3B3FA3D6}.Release|x86.Build.0 = Release|Any CPU
		{0784CDC9-0F52-4B8B-9488-6589C11E94E2}.Debug|Any CPU.ActiveCfg = Debug|Any CPU
		{0784CDC9-0F52-4B8B-9488-6589C11E94E2}.Debug|Any CPU.Build.0 = Debug|Any CPU
		{0784CDC9-0F52-4B8B-9488-6589C11E94E2}.Debug|ARM.ActiveCfg = Debug|Any CPU
		{0784CDC9-0F52-4B8B-9488-6589C11E94E2}.Debug|ARM.Build.0 = Debug|Any CPU
		{0784CDC9-0F52-4B8B-9488-6589C11E94E2}.Debug|x64.ActiveCfg = Debug|Any CPU
		{0784CDC9-0F52-4B8B-9488-6589C11E94E2}.Debug|x64.Build.0 = Debug|Any CPU
		{0784CDC9-0F52-4B8B-9488-6589C11E94E2}.Debug|x86.ActiveCfg = Debug|Any CPU
		{0784CDC9-0F52-4B8B-9488-6589C11E94E2}.Debug|x86.Build.0 = Debug|Any CPU
		{0784CDC9-0F52-4B8B-9488-6589C11E94E2}.Release|Any CPU.ActiveCfg = Release|Any CPU
		{0784CDC9-0F52-4B8B-9488-6589C11E94E2}.Release|Any CPU.Build.0 = Release|Any CPU
		{0784CDC9-0F52-4B8B-9488-6589C11E94E2}.Release|ARM.ActiveCfg = Release|Any CPU
		{0784CDC9-0F52-4B8B-9488-6589C11E94E2}.Release|ARM.Build.0 = Release|Any CPU
		{0784CDC9-0F52-4B8B-9488-6589C11E94E2}.Release|x64.ActiveCfg = Release|Any CPU
		{0784CDC9-0F52-4B8B-9488-6589C11E94E2}.Release|x64.Build.0 = Release|Any CPU
		{0784CDC9-0F52-4B8B-9488-6589C11E94E2}.Release|x86.ActiveCfg = Release|Any CPU
		{0784CDC9-0F52-4B8B-9488-6589C11E94E2}.Release|x86.Build.0 = Release|Any CPU
		{4845E283-0F5B-4A4A-B355-942F623DDA59}.Debug|Any CPU.ActiveCfg = Debug|Any CPU
		{4845E283-0F5B-4A4A-B355-942F623DDA59}.Debug|Any CPU.Build.0 = Debug|Any CPU
		{4845E283-0F5B-4A4A-B355-942F623DDA59}.Debug|ARM.ActiveCfg = Debug|Any CPU
		{4845E283-0F5B-4A4A-B355-942F623DDA59}.Debug|ARM.Build.0 = Debug|Any CPU
		{4845E283-0F5B-4A4A-B355-942F623DDA59}.Debug|x64.ActiveCfg = Debug|Any CPU
		{4845E283-0F5B-4A4A-B355-942F623DDA59}.Debug|x64.Build.0 = Debug|Any CPU
		{4845E283-0F5B-4A4A-B355-942F623DDA59}.Debug|x86.ActiveCfg = Debug|Any CPU
		{4845E283-0F5B-4A4A-B355-942F623DDA59}.Debug|x86.Build.0 = Debug|Any CPU
		{4845E283-0F5B-4A4A-B355-942F623DDA59}.Release|Any CPU.ActiveCfg = Release|Any CPU
		{4845E283-0F5B-4A4A-B355-942F623DDA59}.Release|Any CPU.Build.0 = Release|Any CPU
		{4845E283-0F5B-4A4A-B355-942F623DDA59}.Release|ARM.ActiveCfg = Release|Any CPU
		{4845E283-0F5B-4A4A-B355-942F623DDA59}.Release|ARM.Build.0 = Release|Any CPU
		{4845E283-0F5B-4A4A-B355-942F623DDA59}.Release|x64.ActiveCfg = Release|Any CPU
		{4845E283-0F5B-4A4A-B355-942F623DDA59}.Release|x64.Build.0 = Release|Any CPU
		{4845E283-0F5B-4A4A-B355-942F623DDA59}.Release|x86.ActiveCfg = Release|Any CPU
		{4845E283-0F5B-4A4A-B355-942F623DDA59}.Release|x86.Build.0 = Release|Any CPU
		{36441AB7-DEC0-4484-BBAD-A4D3DED2A162}.Debug|Any CPU.ActiveCfg = Debug|Any CPU
		{36441AB7-DEC0-4484-BBAD-A4D3DED2A162}.Debug|Any CPU.Build.0 = Debug|Any CPU
		{36441AB7-DEC0-4484-BBAD-A4D3DED2A162}.Debug|ARM.ActiveCfg = Debug|Any CPU
		{36441AB7-DEC0-4484-BBAD-A4D3DED2A162}.Debug|ARM.Build.0 = Debug|Any CPU
		{36441AB7-DEC0-4484-BBAD-A4D3DED2A162}.Debug|x64.ActiveCfg = Debug|Any CPU
		{36441AB7-DEC0-4484-BBAD-A4D3DED2A162}.Debug|x64.Build.0 = Debug|Any CPU
		{36441AB7-DEC0-4484-BBAD-A4D3DED2A162}.Debug|x86.ActiveCfg = Debug|Any CPU
		{36441AB7-DEC0-4484-BBAD-A4D3DED2A162}.Debug|x86.Build.0 = Debug|Any CPU
		{36441AB7-DEC0-4484-BBAD-A4D3DED2A162}.Release|Any CPU.ActiveCfg = Release|Any CPU
		{36441AB7-DEC0-4484-BBAD-A4D3DED2A162}.Release|Any CPU.Build.0 = Release|Any CPU
		{36441AB7-DEC0-4484-BBAD-A4D3DED2A162}.Release|ARM.ActiveCfg = Release|Any CPU
		{36441AB7-DEC0-4484-BBAD-A4D3DED2A162}.Release|ARM.Build.0 = Release|Any CPU
		{36441AB7-DEC0-4484-BBAD-A4D3DED2A162}.Release|x64.ActiveCfg = Release|Any CPU
		{36441AB7-DEC0-4484-BBAD-A4D3DED2A162}.Release|x64.Build.0 = Release|Any CPU
		{36441AB7-DEC0-4484-BBAD-A4D3DED2A162}.Release|x86.ActiveCfg = Release|Any CPU
		{36441AB7-DEC0-4484-BBAD-A4D3DED2A162}.Release|x86.Build.0 = Release|Any CPU
		{B22415BE-BB78-4601-9223-B8CA4F92299D}.Debug|Any CPU.ActiveCfg = Debug|Any CPU
		{B22415BE-BB78-4601-9223-B8CA4F92299D}.Debug|Any CPU.Build.0 = Debug|Any CPU
		{B22415BE-BB78-4601-9223-B8CA4F92299D}.Debug|ARM.ActiveCfg = Debug|Any CPU
		{B22415BE-BB78-4601-9223-B8CA4F92299D}.Debug|ARM.Build.0 = Debug|Any CPU
		{B22415BE-BB78-4601-9223-B8CA4F92299D}.Debug|x64.ActiveCfg = Debug|Any CPU
		{B22415BE-BB78-4601-9223-B8CA4F92299D}.Debug|x64.Build.0 = Debug|Any CPU
		{B22415BE-BB78-4601-9223-B8CA4F92299D}.Debug|x86.ActiveCfg = Debug|Any CPU
		{B22415BE-BB78-4601-9223-B8CA4F92299D}.Debug|x86.Build.0 = Debug|Any CPU
		{B22415BE-BB78-4601-9223-B8CA4F92299D}.Release|Any CPU.ActiveCfg = Release|Any CPU
		{B22415BE-BB78-4601-9223-B8CA4F92299D}.Release|Any CPU.Build.0 = Release|Any CPU
		{B22415BE-BB78-4601-9223-B8CA4F92299D}.Release|ARM.ActiveCfg = Release|Any CPU
		{B22415BE-BB78-4601-9223-B8CA4F92299D}.Release|ARM.Build.0 = Release|Any CPU
		{B22415BE-BB78-4601-9223-B8CA4F92299D}.Release|x64.ActiveCfg = Release|Any CPU
		{B22415BE-BB78-4601-9223-B8CA4F92299D}.Release|x64.Build.0 = Release|Any CPU
		{B22415BE-BB78-4601-9223-B8CA4F92299D}.Release|x86.ActiveCfg = Release|Any CPU
		{B22415BE-BB78-4601-9223-B8CA4F92299D}.Release|x86.Build.0 = Release|Any CPU
		{1CFADB13-A713-468D-B0CF-A3EC08E45480}.Debug|Any CPU.ActiveCfg = Debug|Any CPU
		{1CFADB13-A713-468D-B0CF-A3EC08E45480}.Debug|Any CPU.Build.0 = Debug|Any CPU
		{1CFADB13-A713-468D-B0CF-A3EC08E45480}.Debug|ARM.ActiveCfg = Debug|Any CPU
		{1CFADB13-A713-468D-B0CF-A3EC08E45480}.Debug|ARM.Build.0 = Debug|Any CPU
		{1CFADB13-A713-468D-B0CF-A3EC08E45480}.Debug|x64.ActiveCfg = Debug|Any CPU
		{1CFADB13-A713-468D-B0CF-A3EC08E45480}.Debug|x64.Build.0 = Debug|Any CPU
		{1CFADB13-A713-468D-B0CF-A3EC08E45480}.Debug|x86.ActiveCfg = Debug|Any CPU
		{1CFADB13-A713-468D-B0CF-A3EC08E45480}.Debug|x86.Build.0 = Debug|Any CPU
		{1CFADB13-A713-468D-B0CF-A3EC08E45480}.Release|Any CPU.ActiveCfg = Release|Any CPU
		{1CFADB13-A713-468D-B0CF-A3EC08E45480}.Release|Any CPU.Build.0 = Release|Any CPU
		{1CFADB13-A713-468D-B0CF-A3EC08E45480}.Release|ARM.ActiveCfg = Release|Any CPU
		{1CFADB13-A713-468D-B0CF-A3EC08E45480}.Release|ARM.Build.0 = Release|Any CPU
		{1CFADB13-A713-468D-B0CF-A3EC08E45480}.Release|x64.ActiveCfg = Release|Any CPU
		{1CFADB13-A713-468D-B0CF-A3EC08E45480}.Release|x64.Build.0 = Release|Any CPU
		{1CFADB13-A713-468D-B0CF-A3EC08E45480}.Release|x86.ActiveCfg = Release|Any CPU
		{1CFADB13-A713-468D-B0CF-A3EC08E45480}.Release|x86.Build.0 = Release|Any CPU
		{5BE935C2-2004-4E55-8959-6C3AB2538C8E}.Debug|Any CPU.ActiveCfg = Debug|Any CPU
		{5BE935C2-2004-4E55-8959-6C3AB2538C8E}.Debug|Any CPU.Build.0 = Debug|Any CPU
		{5BE935C2-2004-4E55-8959-6C3AB2538C8E}.Debug|ARM.ActiveCfg = Debug|Any CPU
		{5BE935C2-2004-4E55-8959-6C3AB2538C8E}.Debug|ARM.Build.0 = Debug|Any CPU
		{5BE935C2-2004-4E55-8959-6C3AB2538C8E}.Debug|x64.ActiveCfg = Debug|Any CPU
		{5BE935C2-2004-4E55-8959-6C3AB2538C8E}.Debug|x64.Build.0 = Debug|Any CPU
		{5BE935C2-2004-4E55-8959-6C3AB2538C8E}.Debug|x86.ActiveCfg = Debug|Any CPU
		{5BE935C2-2004-4E55-8959-6C3AB2538C8E}.Debug|x86.Build.0 = Debug|Any CPU
		{5BE935C2-2004-4E55-8959-6C3AB2538C8E}.Release|Any CPU.ActiveCfg = Release|Any CPU
		{5BE935C2-2004-4E55-8959-6C3AB2538C8E}.Release|Any CPU.Build.0 = Release|Any CPU
		{5BE935C2-2004-4E55-8959-6C3AB2538C8E}.Release|ARM.ActiveCfg = Release|Any CPU
		{5BE935C2-2004-4E55-8959-6C3AB2538C8E}.Release|ARM.Build.0 = Release|Any CPU
		{5BE935C2-2004-4E55-8959-6C3AB2538C8E}.Release|x64.ActiveCfg = Release|Any CPU
		{5BE935C2-2004-4E55-8959-6C3AB2538C8E}.Release|x64.Build.0 = Release|Any CPU
		{5BE935C2-2004-4E55-8959-6C3AB2538C8E}.Release|x86.ActiveCfg = Release|Any CPU
		{5BE935C2-2004-4E55-8959-6C3AB2538C8E}.Release|x86.Build.0 = Release|Any CPU
	EndGlobalSection
	GlobalSection(SolutionProperties) = preSolution
		HideSolutionNode = FALSE
	EndGlobalSection
EndGlobal
